
Microsoft Visual Studio Solution File, Format Version 12.00
# Visual Studio Version 16
VisualStudioVersion = 16.0.29613.14
MinimumVisualStudioVersion = 10.0.40219.1
Project("{FAE04EC0-301F-11D3-BF4B-00C04F79EFBC}") = "MyPractices", "MyPractices\MyPractices.csproj", "{66B2FA34-4A19-4785-982C-B9BB725739D2}"
EndProject
Project("{9A19103F-16F7-4668-BE54-9A1E7A4F7556}") = "Maths", "Math\Maths.csproj", "{3C55D1AC-557D-41B5-AD22-D1B34A6AC167}"
EndProject
Project("{9A19103F-16F7-4668-BE54-9A1E7A4F7556}") = "Process", "Process\Process.csproj", "{83FE0C84-EB30-4899-88A6-F68849D81395}"
EndProject
Project("{9A19103F-16F7-4668-BE54-9A1E7A4F7556}") = "Numbers", "Numbers\Numbers.csproj", "{735FA6C2-DA0B-411E-8489-FE70E80FA047}"
EndProject
Project("{9A19103F-16F7-4668-BE54-9A1E7A4F7556}") = "LoginForm", "LoginForm\LoginForm.csproj", "{6DA67010-9F56-47BE-B3B9-22EDB013F59B}"
EndProject
Project("{9A19103F-16F7-4668-BE54-9A1E7A4F7556}") = "LoginForms", "LoginForms\LoginForms.csproj", "{D7CFFCDF-8DCD-4BB8-A687-EA6DEE622A84}"
EndProject
Project("{FAE04EC0-301F-11D3-BF4B-00C04F79EFBC}") = "DatabaseOperation", "DatabaseOperation\DatabaseOperation.csproj", "{3085F4A8-1DEB-45BE-AF98-BE757720E554}"
EndProject
Global
	GlobalSection(SolutionConfigurationPlatforms) = preSolution
		Debug|Any CPU = Debug|Any CPU
		Release|Any CPU = Release|Any CPU
	EndGlobalSection
	GlobalSection(ProjectConfigurationPlatforms) = postSolution
		{66B2FA34-4A19-4785-982C-B9BB725739D2}.Debug|Any CPU.ActiveCfg = Debug|Any CPU
		{66B2FA34-4A19-4785-982C-B9BB725739D2}.Debug|Any CPU.Build.0 = Debug|Any CPU
		{66B2FA34-4A19-4785-982C-B9BB725739D2}.Release|Any CPU.ActiveCfg = Release|Any CPU
		{66B2FA34-4A19-4785-982C-B9BB725739D2}.Release|Any CPU.Build.0 = Release|Any CPU
		{3C55D1AC-557D-41B5-AD22-D1B34A6AC167}.Debug|Any CPU.ActiveCfg = Debug|Any CPU
		{3C55D1AC-557D-41B5-AD22-D1B34A6AC167}.Debug|Any CPU.Build.0 = Debug|Any CPU
		{3C55D1AC-557D-41B5-AD22-D1B34A6AC167}.Release|Any CPU.ActiveCfg = Release|Any CPU
		{3C55D1AC-557D-41B5-AD22-D1B34A6AC167}.Release|Any CPU.Build.0 = Release|Any CPU
		{83FE0C84-EB30-4899-88A6-F68849D81395}.Debug|Any CPU.ActiveCfg = Debug|Any CPU
		{83FE0C84-EB30-4899-88A6-F68849D81395}.Debug|Any CPU.Build.0 = Debug|Any CPU
		{83FE0C84-EB30-4899-88A6-F68849D81395}.Release|Any CPU.ActiveCfg = Release|Any CPU
		{83FE0C84-EB30-4899-88A6-F68849D81395}.Release|Any CPU.Build.0 = Release|Any CPU
		{735FA6C2-DA0B-411E-8489-FE70E80FA047}.Debug|Any CPU.ActiveCfg = Debug|Any CPU
		{735FA6C2-DA0B-411E-8489-FE70E80FA047}.Debug|Any CPU.Build.0 = Debug|Any CPU
		{735FA6C2-DA0B-411E-8489-FE70E80FA047}.Release|Any CPU.ActiveCfg = Release|Any CPU
		{735FA6C2-DA0B-411E-8489-FE70E80FA047}.Release|Any CPU.Build.0 = Release|Any CPU
		{6DA67010-9F56-47BE-B3B9-22EDB013F59B}.Debug|Any CPU.ActiveCfg = Debug|Any CPU
		{6DA67010-9F56-47BE-B3B9-22EDB013F59B}.Debug|Any CPU.Build.0 = Debug|Any CPU
		{6DA67010-9F56-47BE-B3B9-22EDB013F59B}.Release|Any CPU.ActiveCfg = Release|Any CPU
		{6DA67010-9F56-47BE-B3B9-22EDB013F59B}.Release|Any CPU.Build.0 = Release|Any CPU
		{D7CFFCDF-8DCD-4BB8-A687-EA6DEE622A84}.Debug|Any CPU.ActiveCfg = Debug|Any CPU
		{D7CFFCDF-8DCD-4BB8-A687-EA6DEE622A84}.Debug|Any CPU.Build.0 = Debug|Any CPU
		{D7CFFCDF-8DCD-4BB8-A687-EA6DEE622A84}.Release|Any CPU.ActiveCfg = Release|Any CPU
		{D7CFFCDF-8DCD-4BB8-A687-EA6DEE622A84}.Release|Any CPU.Build.0 = Release|Any CPU
		{3085F4A8-1DEB-45BE-AF98-BE757720E554}.Debug|Any CPU.ActiveCfg = Debug|Any CPU
		{3085F4A8-1DEB-45BE-AF98-BE757720E554}.Debug|Any CPU.Build.0 = Debug|Any CPU
		{3085F4A8-1DEB-45BE-AF98-BE757720E554}.Release|Any CPU.ActiveCfg = Release|Any CPU
		{3085F4A8-1DEB-45BE-AF98-BE757720E554}.Release|Any CPU.Build.0 = Release|Any CPU
	EndGlobalSection
	GlobalSection(SolutionProperties) = preSolution
		HideSolutionNode = FALSE
	EndGlobalSection
	GlobalSection(ExtensibilityGlobals) = postSolution
		SolutionGuid = {7646F9DE-F3DA-4CCC-87F7-11F45B1A68A7}
	EndGlobalSection
EndGlobal
